
Microsoft Visual Studio Solution File, Format Version 12.00
# Visual Studio Version 17
VisualStudioVersion = 17.1.32228.430
MinimumVisualStudioVersion = 10.0.40219.1
Project("{FAE04EC0-301F-11D3-BF4B-00C04F79EFBC}") = "Negocio", "Negocio\Negocio.csproj", "{82D06C47-2F2F-488B-9275-C0223C8179BB}"
EndProject
Global
	GlobalSection(SolutionConfigurationPlatforms) = preSolution
		Debug|Any CPU = Debug|Any CPU
		Release|Any CPU = Release|Any CPU
	EndGlobalSection
	GlobalSection(ProjectConfigurationPlatforms) = postSolution
		{82D06C47-2F2F-488B-9275-C0223C8179BB}.Debug|Any CPU.ActiveCfg = Debug|Any CPU
		{82D06C47-2F2F-488B-9275-C0223C8179BB}.Debug|Any CPU.Build.0 = Debug|Any CPU
		{82D06C47-2F2F-488B-9275-C0223C8179BB}.Release|Any CPU.ActiveCfg = Release|Any CPU
		{82D06C47-2F2F-488B-9275-C0223C8179BB}.Release|Any CPU.Build.0 = Release|Any CPU
	EndGlobalSection
	GlobalSection(SolutionProperties) = preSolution
		HideSolutionNode = FALSE
	EndGlobalSection
	GlobalSection(ExtensibilityGlobals) = postSolution
		SolutionGuid = {37E164BA-9078-4B81-AF42-B916CB70EDCA}
	EndGlobalSection
EndGlobal
